// !$*UTF8*$!
{
	archiveVersion = 1;
	classes = {
	};
	objectVersion = 50;
	objects = {

/* Begin PBXBuildFile section */
		0D44130C70B5EBECF3158743 /* Pods_WeatherApp.framework in Frameworks */ = {isa = PBXBuildFile; fileRef = 466A02A7CE579A65B03FFAEB /* Pods_WeatherApp.framework */; };
		378FB8206977776B7CE648CB /* Pods_WeatherAppTests.framework in Frameworks */ = {isa = PBXBuildFile; fileRef = EAB9B2AA4D1A4F72852527CC /* Pods_WeatherAppTests.framework */; };
		E10375E42940F0160092E002 /* Screenshot.png in Resources */ = {isa = PBXBuildFile; fileRef = E10375E32940F0160092E002 /* Screenshot.png */; };
		E10375F72940FB3F0092E002 /* Coverage.png in Resources */ = {isa = PBXBuildFile; fileRef = E10375F62940FB3F0092E002 /* Coverage.png */; };
		E13FBD542933DD9C0031B8CF /* Constants.swift in Sources */ = {isa = PBXBuildFile; fileRef = E13FBD532933DD9C0031B8CF /* Constants.swift */; };
		E1570993293320CD0007A449 /* WeatherForcecastViewModel.swift in Sources */ = {isa = PBXBuildFile; fileRef = E1570992293320CD0007A449 /* WeatherForcecastViewModel.swift */; };
		E1570999293322830007A449 /* LocationHelper.swift in Sources */ = {isa = PBXBuildFile; fileRef = E1570998293322830007A449 /* LocationHelper.swift */; };
		E15A43E22940468A00AB7560 /* WeatherAppTests.swift in Sources */ = {isa = PBXBuildFile; fileRef = E15A43E02940468A00AB7560 /* WeatherAppTests.swift */; };
		E15A43E32940468A00AB7560 /* LocationHelperTests.swift in Sources */ = {isa = PBXBuildFile; fileRef = E15A43E12940468A00AB7560 /* LocationHelperTests.swift */; };
		E16B0124293380E7003CED44 /* WeatherHelper.swift in Sources */ = {isa = PBXBuildFile; fileRef = E16B0123293380E7003CED44 /* WeatherHelper.swift */; };
		E16B012E2933AF4C003CED44 /* WeatherInfo.swift in Sources */ = {isa = PBXBuildFile; fileRef = E16B012D2933AF4C003CED44 /* WeatherInfo.swift */; };
		E16B013C2933CA8C003CED44 /* UIViewController+ Extension.swift in Sources */ = {isa = PBXBuildFile; fileRef = E16B013B2933CA8C003CED44 /* UIViewController+ Extension.swift */; };
		E1944C9429346E2900CEEBF1 /* Readme.md in Resources */ = {isa = PBXBuildFile; fileRef = E1944C9329346E2900CEEBF1 /* Readme.md */; };
		E19585C6293FD8C0003AEDBE /* WeatherForcastViewModelTests.swift in Sources */ = {isa = PBXBuildFile; fileRef = E19585C5293FD8C0003AEDBE /* WeatherForcastViewModelTests.swift */; };
		E19585E2293FDE1F003AEDBE /* MockLocationHelper.swift in Sources */ = {isa = PBXBuildFile; fileRef = E19585CB293FDA69003AEDBE /* MockLocationHelper.swift */; };
		E19585E3293FDE1F003AEDBE /* LocationHelperProtocol.swift in Sources */ = {isa = PBXBuildFile; fileRef = E19585D6293FDB70003AEDBE /* LocationHelperProtocol.swift */; };
		E19585F1293FDF45003AEDBE /* WeatherHelperProtocol.swift in Sources */ = {isa = PBXBuildFile; fileRef = E19585F0293FDF45003AEDBE /* WeatherHelperProtocol.swift */; };
		E19585F6293FDFA2003AEDBE /* MockWeatherHelper.swift in Sources */ = {isa = PBXBuildFile; fileRef = E19585F5293FDFA2003AEDBE /* MockWeatherHelper.swift */; };
		E1BCFF162940A10B00869FEE /* .swiftlint.yml in Resources */ = {isa = PBXBuildFile; fileRef = E1BCFF152940A10B00869FEE /* .swiftlint.yml */; };
		E1EC18F92933110C009A2B99 /* AppDelegate.swift in Sources */ = {isa = PBXBuildFile; fileRef = E1EC18F82933110C009A2B99 /* AppDelegate.swift */; };
		E1EC18FB2933110C009A2B99 /* SceneDelegate.swift in Sources */ = {isa = PBXBuildFile; fileRef = E1EC18FA2933110C009A2B99 /* SceneDelegate.swift */; };
		E1EC18FD2933110C009A2B99 /* ViewController.swift in Sources */ = {isa = PBXBuildFile; fileRef = E1EC18FC2933110C009A2B99 /* ViewController.swift */; };
		E1EC19002933110C009A2B99 /* Main.storyboard in Resources */ = {isa = PBXBuildFile; fileRef = E1EC18FE2933110C009A2B99 /* Main.storyboard */; };
		E1EC190229331132009A2B99 /* Assets.xcassets in Resources */ = {isa = PBXBuildFile; fileRef = E1EC190129331132009A2B99 /* Assets.xcassets */; };
		E1EC190529331132009A2B99 /* LaunchScreen.storyboard in Resources */ = {isa = PBXBuildFile; fileRef = E1EC190329331132009A2B99 /* LaunchScreen.storyboard */; };
		E1EC191B29331133009A2B99 /* WeatherAppUITests.swift in Sources */ = {isa = PBXBuildFile; fileRef = E1EC191A29331133009A2B99 /* WeatherAppUITests.swift */; };
/* End PBXBuildFile section */

/* Begin PBXContainerItemProxy section */
		E1EC190C29331132009A2B99 /* PBXContainerItemProxy */ = {
			isa = PBXContainerItemProxy;
			containerPortal = E1EC18ED2933110B009A2B99 /* Project object */;
			proxyType = 1;
			remoteGlobalIDString = E1EC18F42933110C009A2B99;
			remoteInfo = WeatherApp;
		};
		E1EC191729331133009A2B99 /* PBXContainerItemProxy */ = {
			isa = PBXContainerItemProxy;
			containerPortal = E1EC18ED2933110B009A2B99 /* Project object */;
			proxyType = 1;
			remoteGlobalIDString = E1EC18F42933110C009A2B99;
			remoteInfo = WeatherApp;
		};
/* End PBXContainerItemProxy section */

/* Begin PBXFileReference section */
		466A02A7CE579A65B03FFAEB /* Pods_WeatherApp.framework */ = {isa = PBXFileReference; explicitFileType = wrapper.framework; includeInIndex = 0; path = Pods_WeatherApp.framework; sourceTree = BUILT_PRODUCTS_DIR; };
		78C0F93E0A4F5CF4D071C1FB /* Pods-WeatherAppTests.debug.xcconfig */ = {isa = PBXFileReference; includeInIndex = 1; lastKnownFileType = text.xcconfig; name = "Pods-WeatherAppTests.debug.xcconfig"; path = "Target Support Files/Pods-WeatherAppTests/Pods-WeatherAppTests.debug.xcconfig"; sourceTree = "<group>"; };
		A3999FE5E2565DBA51B9901A /* Pods-WeatherAppTests.release.xcconfig */ = {isa = PBXFileReference; includeInIndex = 1; lastKnownFileType = text.xcconfig; name = "Pods-WeatherAppTests.release.xcconfig"; path = "Target Support Files/Pods-WeatherAppTests/Pods-WeatherAppTests.release.xcconfig"; sourceTree = "<group>"; };
		BBB78B9EEF4BE45C6EC67B1C /* Pods-WeatherApp.debug.xcconfig */ = {isa = PBXFileReference; includeInIndex = 1; lastKnownFileType = text.xcconfig; name = "Pods-WeatherApp.debug.xcconfig"; path = "Target Support Files/Pods-WeatherApp/Pods-WeatherApp.debug.xcconfig"; sourceTree = "<group>"; };
		CEB4C780658954CD2E3E4F22 /* Pods-WeatherApp.release.xcconfig */ = {isa = PBXFileReference; includeInIndex = 1; lastKnownFileType = text.xcconfig; name = "Pods-WeatherApp.release.xcconfig"; path = "Target Support Files/Pods-WeatherApp/Pods-WeatherApp.release.xcconfig"; sourceTree = "<group>"; };
		E10375E32940F0160092E002 /* Screenshot.png */ = {isa = PBXFileReference; lastKnownFileType = image.png; path = Screenshot.png; sourceTree = "<group>"; };
		E10375F62940FB3F0092E002 /* Coverage.png */ = {isa = PBXFileReference; lastKnownFileType = image.png; path = Coverage.png; sourceTree = "<group>"; };
		E13FBD532933DD9C0031B8CF /* Constants.swift */ = {isa = PBXFileReference; lastKnownFileType = sourcecode.swift; path = Constants.swift; sourceTree = "<group>"; };
		E1570992293320CD0007A449 /* WeatherForcecastViewModel.swift */ = {isa = PBXFileReference; lastKnownFileType = sourcecode.swift; path = WeatherForcecastViewModel.swift; sourceTree = "<group>"; };
		E1570998293322830007A449 /* LocationHelper.swift */ = {isa = PBXFileReference; lastKnownFileType = sourcecode.swift; path = LocationHelper.swift; sourceTree = "<group>"; };
		E15A43E02940468A00AB7560 /* WeatherAppTests.swift */ = {isa = PBXFileReference; fileEncoding = 4; lastKnownFileType = sourcecode.swift; path = WeatherAppTests.swift; sourceTree = "<group>"; };
		E15A43E12940468A00AB7560 /* LocationHelperTests.swift */ = {isa = PBXFileReference; fileEncoding = 4; lastKnownFileType = sourcecode.swift; path = LocationHelperTests.swift; sourceTree = "<group>"; };
		E16B0123293380E7003CED44 /* WeatherHelper.swift */ = {isa = PBXFileReference; lastKnownFileType = sourcecode.swift; path = WeatherHelper.swift; sourceTree = "<group>"; };
		E16B012D2933AF4C003CED44 /* WeatherInfo.swift */ = {isa = PBXFileReference; lastKnownFileType = sourcecode.swift; path = WeatherInfo.swift; sourceTree = "<group>"; };
		E16B013B2933CA8C003CED44 /* UIViewController+ Extension.swift */ = {isa = PBXFileReference; lastKnownFileType = sourcecode.swift; path = "UIViewController+ Extension.swift"; sourceTree = "<group>"; };
		E189538C293FC37500A10BFA /* PromiseKit.framework */ = {isa = PBXFileReference; explicitFileType = wrapper.framework; path = PromiseKit.framework; sourceTree = BUILT_PRODUCTS_DIR; };
		E1895396293FC48A00A10BFA /* PromiseKit.framework */ = {isa = PBXFileReference; explicitFileType = wrapper.framework; path = PromiseKit.framework; sourceTree = BUILT_PRODUCTS_DIR; };
		E18953AF293FC8AC00A10BFA /* PromiseKit.framework */ = {isa = PBXFileReference; explicitFileType = wrapper.framework; path = PromiseKit.framework; sourceTree = BUILT_PRODUCTS_DIR; };
		E18953B1293FC8BF00A10BFA /* PromiseKit.framework */ = {isa = PBXFileReference; explicitFileType = wrapper.framework; path = PromiseKit.framework; sourceTree = BUILT_PRODUCTS_DIR; };
		E18953B6293FC9BE00A10BFA /* PromiseKit.framework */ = {isa = PBXFileReference; explicitFileType = wrapper.framework; path = PromiseKit.framework; sourceTree = BUILT_PRODUCTS_DIR; };
		E18953B8293FC9C700A10BFA /* PromiseKit.framework */ = {isa = PBXFileReference; explicitFileType = wrapper.framework; path = PromiseKit.framework; sourceTree = BUILT_PRODUCTS_DIR; };
		E18953BD293FCA3300A10BFA /* PromiseKit.framework */ = {isa = PBXFileReference; explicitFileType = wrapper.framework; path = PromiseKit.framework; sourceTree = BUILT_PRODUCTS_DIR; };
		E1944C8229346B3500CEEBF1 /* PromiseKit.framework */ = {isa = PBXFileReference; explicitFileType = wrapper.framework; path = PromiseKit.framework; sourceTree = BUILT_PRODUCTS_DIR; };
		E1944C9329346E2900CEEBF1 /* Readme.md */ = {isa = PBXFileReference; lastKnownFileType = net.daringfireball.markdown; path = Readme.md; sourceTree = "<group>"; };
		E195859D293FD0DB003AEDBE /* PromiseKit.framework */ = {isa = PBXFileReference; explicitFileType = wrapper.framework; path = PromiseKit.framework; sourceTree = BUILT_PRODUCTS_DIR; };
		E19585C5293FD8C0003AEDBE /* WeatherForcastViewModelTests.swift */ = {isa = PBXFileReference; lastKnownFileType = sourcecode.swift; path = WeatherForcastViewModelTests.swift; sourceTree = "<group>"; };
		E19585CB293FDA69003AEDBE /* MockLocationHelper.swift */ = {isa = PBXFileReference; lastKnownFileType = sourcecode.swift; path = MockLocationHelper.swift; sourceTree = "<group>"; };
		E19585D6293FDB70003AEDBE /* LocationHelperProtocol.swift */ = {isa = PBXFileReference; lastKnownFileType = sourcecode.swift; path = LocationHelperProtocol.swift; sourceTree = "<group>"; };
		E19585F0293FDF45003AEDBE /* WeatherHelperProtocol.swift */ = {isa = PBXFileReference; lastKnownFileType = sourcecode.swift; path = WeatherHelperProtocol.swift; sourceTree = "<group>"; };
		E19585F5293FDFA2003AEDBE /* MockWeatherHelper.swift */ = {isa = PBXFileReference; lastKnownFileType = sourcecode.swift; path = MockWeatherHelper.swift; sourceTree = "<group>"; };
		E1BCFF152940A10B00869FEE /* .swiftlint.yml */ = {isa = PBXFileReference; lastKnownFileType = text.yaml; path = .swiftlint.yml; sourceTree = "<group>"; };
		E1EC18F52933110C009A2B99 /* WeatherApp.app */ = {isa = PBXFileReference; explicitFileType = wrapper.application; includeInIndex = 0; path = WeatherApp.app; sourceTree = BUILT_PRODUCTS_DIR; };
		E1EC18F82933110C009A2B99 /* AppDelegate.swift */ = {isa = PBXFileReference; lastKnownFileType = sourcecode.swift; path = AppDelegate.swift; sourceTree = "<group>"; };
		E1EC18FA2933110C009A2B99 /* SceneDelegate.swift */ = {isa = PBXFileReference; lastKnownFileType = sourcecode.swift; path = SceneDelegate.swift; sourceTree = "<group>"; };
		E1EC18FC2933110C009A2B99 /* ViewController.swift */ = {isa = PBXFileReference; lastKnownFileType = sourcecode.swift; path = ViewController.swift; sourceTree = "<group>"; };
		E1EC18FF2933110C009A2B99 /* Base */ = {isa = PBXFileReference; lastKnownFileType = file.storyboard; name = Base; path = Base.lproj/Main.storyboard; sourceTree = "<group>"; };
		E1EC190129331132009A2B99 /* Assets.xcassets */ = {isa = PBXFileReference; lastKnownFileType = folder.assetcatalog; path = Assets.xcassets; sourceTree = "<group>"; };
		E1EC190429331132009A2B99 /* Base */ = {isa = PBXFileReference; lastKnownFileType = file.storyboard; name = Base; path = Base.lproj/LaunchScreen.storyboard; sourceTree = "<group>"; };
		E1EC190629331132009A2B99 /* Info.plist */ = {isa = PBXFileReference; lastKnownFileType = text.plist.xml; path = Info.plist; sourceTree = "<group>"; };
		E1EC190B29331132009A2B99 /* WeatherAppTests.xctest */ = {isa = PBXFileReference; explicitFileType = wrapper.cfbundle; includeInIndex = 0; path = WeatherAppTests.xctest; sourceTree = BUILT_PRODUCTS_DIR; };
		E1EC191129331132009A2B99 /* Info.plist */ = {isa = PBXFileReference; lastKnownFileType = text.plist.xml; path = Info.plist; sourceTree = "<group>"; };
		E1EC191629331133009A2B99 /* WeatherAppUITests.xctest */ = {isa = PBXFileReference; explicitFileType = wrapper.cfbundle; includeInIndex = 0; path = WeatherAppUITests.xctest; sourceTree = BUILT_PRODUCTS_DIR; };
		E1EC191A29331133009A2B99 /* WeatherAppUITests.swift */ = {isa = PBXFileReference; lastKnownFileType = sourcecode.swift; path = WeatherAppUITests.swift; sourceTree = "<group>"; };
		E1EC191C29331133009A2B99 /* Info.plist */ = {isa = PBXFileReference; lastKnownFileType = text.plist.xml; path = Info.plist; sourceTree = "<group>"; };
		EAB9B2AA4D1A4F72852527CC /* Pods_WeatherAppTests.framework */ = {isa = PBXFileReference; explicitFileType = wrapper.framework; includeInIndex = 0; path = Pods_WeatherAppTests.framework; sourceTree = BUILT_PRODUCTS_DIR; };
/* End PBXFileReference section */

/* Begin PBXFrameworksBuildPhase section */
		E1EC18F22933110C009A2B99 /* Frameworks */ = {
			isa = PBXFrameworksBuildPhase;
			buildActionMask = 2147483647;
			files = (
				0D44130C70B5EBECF3158743 /* Pods_WeatherApp.framework in Frameworks */,
			);
			runOnlyForDeploymentPostprocessing = 0;
		};
		E1EC190829331132009A2B99 /* Frameworks */ = {
			isa = PBXFrameworksBuildPhase;
			buildActionMask = 2147483647;
			files = (
				378FB8206977776B7CE648CB /* Pods_WeatherAppTests.framework in Frameworks */,
			);
			runOnlyForDeploymentPostprocessing = 0;
		};
		E1EC191329331132009A2B99 /* Frameworks */ = {
			isa = PBXFrameworksBuildPhase;
			buildActionMask = 2147483647;
			files = (
			);
			runOnlyForDeploymentPostprocessing = 0;
		};
/* End PBXFrameworksBuildPhase section */

/* Begin PBXGroup section */
		29C6F5F28F7F8DC44ABF26BD /* Pods */ = {
			isa = PBXGroup;
			children = (
				BBB78B9EEF4BE45C6EC67B1C /* Pods-WeatherApp.debug.xcconfig */,
				CEB4C780658954CD2E3E4F22 /* Pods-WeatherApp.release.xcconfig */,
				78C0F93E0A4F5CF4D071C1FB /* Pods-WeatherAppTests.debug.xcconfig */,
				A3999FE5E2565DBA51B9901A /* Pods-WeatherAppTests.release.xcconfig */,
			);
			path = Pods;
			sourceTree = "<group>";
		};
		9AEAE0E281E45DB100FF27AD /* Frameworks */ = {
			isa = PBXGroup;
			children = (
				E195859D293FD0DB003AEDBE /* PromiseKit.framework */,
				E18953BD293FCA3300A10BFA /* PromiseKit.framework */,
				E18953B8293FC9C700A10BFA /* PromiseKit.framework */,
				E18953B6293FC9BE00A10BFA /* PromiseKit.framework */,
				E18953B1293FC8BF00A10BFA /* PromiseKit.framework */,
				E18953AF293FC8AC00A10BFA /* PromiseKit.framework */,
				E1895396293FC48A00A10BFA /* PromiseKit.framework */,
				E189538C293FC37500A10BFA /* PromiseKit.framework */,
				E1944C8229346B3500CEEBF1 /* PromiseKit.framework */,
				466A02A7CE579A65B03FFAEB /* Pods_WeatherApp.framework */,
				EAB9B2AA4D1A4F72852527CC /* Pods_WeatherAppTests.framework */,
			);
			name = Frameworks;
			sourceTree = "<group>";
		};
		E10375EC2940F41B0092E002 /* Coverage */ = {
			isa = PBXGroup;
			children = (
				E10375F62940FB3F0092E002 /* Coverage.png */,
				E10375E32940F0160092E002 /* Screenshot.png */,
			);
			path = Coverage;
			sourceTree = "<group>";
		};
		E157098D29331F5B0007A449 /* ViewController */ = {
			isa = PBXGroup;
			children = (
				E1EC18FC2933110C009A2B99 /* ViewController.swift */,
			);
			path = ViewController;
			sourceTree = "<group>";
		};
		E157099129331F6D0007A449 /* ViewModel */ = {
			isa = PBXGroup;
			children = (
				E1570992293320CD0007A449 /* WeatherForcecastViewModel.swift */,
			);
			path = ViewModel;
			sourceTree = "<group>";
		};
		E1570997293322650007A449 /* HelperClasses */ = {
			isa = PBXGroup;
			children = (
				E1570998293322830007A449 /* LocationHelper.swift */,
				E16B0123293380E7003CED44 /* WeatherHelper.swift */,
				E16B013B2933CA8C003CED44 /* UIViewController+ Extension.swift */,
				E19585D6293FDB70003AEDBE /* LocationHelperProtocol.swift */,
				E13FBD532933DD9C0031B8CF /* Constants.swift */,
				E19585F0293FDF45003AEDBE /* WeatherHelperProtocol.swift */,
				E19585CB293FDA69003AEDBE /* MockLocationHelper.swift */,
				E19585F5293FDFA2003AEDBE /* MockWeatherHelper.swift */,
			);
			path = HelperClasses;
			sourceTree = "<group>";
		};
		E16B01482933D48D003CED44 /* Model */ = {
			isa = PBXGroup;
			children = (
				E16B012D2933AF4C003CED44 /* WeatherInfo.swift */,
			);
			path = Model;
			sourceTree = "<group>";
		};
		E1EC18EC2933110B009A2B99 = {
			isa = PBXGroup;
			children = (
				E1BCFF152940A10B00869FEE /* .swiftlint.yml */,
				E1EC18F72933110C009A2B99 /* WeatherApp */,
				E1EC190E29331132009A2B99 /* WeatherAppTests */,
				E1944C9329346E2900CEEBF1 /* Readme.md */,
				E10375EC2940F41B0092E002 /* Coverage */,
				E1EC191929331133009A2B99 /* WeatherAppUITests */,
				E1EC18F62933110C009A2B99 /* Products */,
				29C6F5F28F7F8DC44ABF26BD /* Pods */,
				9AEAE0E281E45DB100FF27AD /* Frameworks */,
			);
			sourceTree = "<group>";
		};
		E1EC18F62933110C009A2B99 /* Products */ = {
			isa = PBXGroup;
			children = (
				E1EC18F52933110C009A2B99 /* WeatherApp.app */,
				E1EC190B29331132009A2B99 /* WeatherAppTests.xctest */,
				E1EC191629331133009A2B99 /* WeatherAppUITests.xctest */,
			);
			name = Products;
			sourceTree = "<group>";
		};
		E1EC18F72933110C009A2B99 /* WeatherApp */ = {
			isa = PBXGroup;
			children = (
				E1570997293322650007A449 /* HelperClasses */,
				E157099129331F6D0007A449 /* ViewModel */,
				E16B01482933D48D003CED44 /* Model */,
				E157098D29331F5B0007A449 /* ViewController */,
				E1EC18F82933110C009A2B99 /* AppDelegate.swift */,
				E1EC18FA2933110C009A2B99 /* SceneDelegate.swift */,
				E1EC18FE2933110C009A2B99 /* Main.storyboard */,
				E1EC190129331132009A2B99 /* Assets.xcassets */,
				E1EC190329331132009A2B99 /* LaunchScreen.storyboard */,
				E1EC190629331132009A2B99 /* Info.plist */,
			);
			path = WeatherApp;
			sourceTree = "<group>";
		};
		E1EC190E29331132009A2B99 /* WeatherAppTests */ = {
			isa = PBXGroup;
			children = (
				E15A43E12940468A00AB7560 /* LocationHelperTests.swift */,
				E15A43E02940468A00AB7560 /* WeatherAppTests.swift */,
				E1EC191129331132009A2B99 /* Info.plist */,
				E19585C5293FD8C0003AEDBE /* WeatherForcastViewModelTests.swift */,
			);
			path = WeatherAppTests;
			sourceTree = "<group>";
		};
		E1EC191929331133009A2B99 /* WeatherAppUITests */ = {
			isa = PBXGroup;
			children = (
				E1EC191A29331133009A2B99 /* WeatherAppUITests.swift */,
				E1EC191C29331133009A2B99 /* Info.plist */,
			);
			path = WeatherAppUITests;
			sourceTree = "<group>";
		};
/* End PBXGroup section */

/* Begin PBXNativeTarget section */
		E1EC18F42933110C009A2B99 /* WeatherApp */ = {
			isa = PBXNativeTarget;
			buildConfigurationList = E1EC191F29331133009A2B99 /* Build configuration list for PBXNativeTarget "WeatherApp" */;
			buildPhases = (
				44094C209F9311A1C10F5C2B /* [CP] Check Pods Manifest.lock */,
				E1EC18F12933110C009A2B99 /* Sources */,
				E1EC18F22933110C009A2B99 /* Frameworks */,
				E1EC18F32933110C009A2B99 /* Resources */,
				EBCF6993DD910C0C5226EB0B /* [CP] Embed Pods Frameworks */,
				E1BCFF382940A4BD00869FEE /* ShellScript */,
			);
			buildRules = (
			);
			dependencies = (
			);
			name = WeatherApp;
			productName = WeatherApp;
			productReference = E1EC18F52933110C009A2B99 /* WeatherApp.app */;
			productType = "com.apple.product-type.application";
		};
		E1EC190A29331132009A2B99 /* WeatherAppTests */ = {
			isa = PBXNativeTarget;
			buildConfigurationList = E1EC192229331133009A2B99 /* Build configuration list for PBXNativeTarget "WeatherAppTests" */;
			buildPhases = (
				5607026613DED883F245DA1A /* [CP] Check Pods Manifest.lock */,
				E1EC190729331132009A2B99 /* Sources */,
				E1EC190829331132009A2B99 /* Frameworks */,
				E1EC190929331132009A2B99 /* Resources */,
			);
			buildRules = (
			);
			dependencies = (
				E1EC190D29331132009A2B99 /* PBXTargetDependency */,
			);
			name = WeatherAppTests;
			productName = WeatherAppTests;
			productReference = E1EC190B29331132009A2B99 /* WeatherAppTests.xctest */;
			productType = "com.apple.product-type.bundle.unit-test";
		};
		E1EC191529331132009A2B99 /* WeatherAppUITests */ = {
			isa = PBXNativeTarget;
			buildConfigurationList = E1EC192529331133009A2B99 /* Build configuration list for PBXNativeTarget "WeatherAppUITests" */;
			buildPhases = (
				E1EC191229331132009A2B99 /* Sources */,
				E1EC191329331132009A2B99 /* Frameworks */,
				E1EC191429331132009A2B99 /* Resources */,
			);
			buildRules = (
			);
			dependencies = (
				E1EC191829331133009A2B99 /* PBXTargetDependency */,
			);
			name = WeatherAppUITests;
			productName = WeatherAppUITests;
			productReference = E1EC191629331133009A2B99 /* WeatherAppUITests.xctest */;
			productType = "com.apple.product-type.bundle.ui-testing";
		};
/* End PBXNativeTarget section */

/* Begin PBXProject section */
		E1EC18ED2933110B009A2B99 /* Project object */ = {
			isa = PBXProject;
			attributes = {
				LastSwiftUpdateCheck = 1240;
				LastUpgradeCheck = 1240;
				TargetAttributes = {
					E1EC18F42933110C009A2B99 = {
						CreatedOnToolsVersion = 12.4;
					};
					E1EC190A29331132009A2B99 = {
						CreatedOnToolsVersion = 12.4;
						TestTargetID = E1EC18F42933110C009A2B99;
					};
					E1EC191529331132009A2B99 = {
						CreatedOnToolsVersion = 12.4;
						TestTargetID = E1EC18F42933110C009A2B99;
					};
				};
			};
			buildConfigurationList = E1EC18F02933110B009A2B99 /* Build configuration list for PBXProject "WeatherApp" */;
			compatibilityVersion = "Xcode 9.3";
			developmentRegion = en;
			hasScannedForEncodings = 0;
			knownRegions = (
				en,
				Base,
			);
			mainGroup = E1EC18EC2933110B009A2B99;
			productRefGroup = E1EC18F62933110C009A2B99 /* Products */;
			projectDirPath = "";
			projectRoot = "";
			targets = (
				E1EC18F42933110C009A2B99 /* WeatherApp */,
				E1EC190A29331132009A2B99 /* WeatherAppTests */,
				E1EC191529331132009A2B99 /* WeatherAppUITests */,
			);
		};
/* End PBXProject section */

/* Begin PBXResourcesBuildPhase section */
		E1EC18F32933110C009A2B99 /* Resources */ = {
			isa = PBXResourcesBuildPhase;
			buildActionMask = 2147483647;
			files = (
				E1BCFF162940A10B00869FEE /* .swiftlint.yml in Resources */,
				E1EC190529331132009A2B99 /* LaunchScreen.storyboard in Resources */,
				E1EC190229331132009A2B99 /* Assets.xcassets in Resources */,
				E10375E42940F0160092E002 /* Screenshot.png in Resources */,
				E1944C9429346E2900CEEBF1 /* Readme.md in Resources */,
				E10375F72940FB3F0092E002 /* Coverage.png in Resources */,
				E1EC19002933110C009A2B99 /* Main.storyboard in Resources */,
			);
			runOnlyForDeploymentPostprocessing = 0;
		};
		E1EC190929331132009A2B99 /* Resources */ = {
			isa = PBXResourcesBuildPhase;
			buildActionMask = 2147483647;
			files = (
			);
			runOnlyForDeploymentPostprocessing = 0;
		};
		E1EC191429331132009A2B99 /* Resources */ = {
			isa = PBXResourcesBuildPhase;
			buildActionMask = 2147483647;
			files = (
			);
			runOnlyForDeploymentPostprocessing = 0;
		};
/* End PBXResourcesBuildPhase section */

/* Begin PBXShellScriptBuildPhase section */
		44094C209F9311A1C10F5C2B /* [CP] Check Pods Manifest.lock */ = {
			isa = PBXShellScriptBuildPhase;
			buildActionMask = 2147483647;
			files = (
			);
			inputFileListPaths = (
			);
			inputPaths = (
				"${PODS_PODFILE_DIR_PATH}/Podfile.lock",
				"${PODS_ROOT}/Manifest.lock",
			);
			name = "[CP] Check Pods Manifest.lock";
			outputFileListPaths = (
			);
			outputPaths = (
				"$(DERIVED_FILE_DIR)/Pods-WeatherApp-checkManifestLockResult.txt",
			);
			runOnlyForDeploymentPostprocessing = 0;
			shellPath = /bin/sh;
			shellScript = "diff \"${PODS_PODFILE_DIR_PATH}/Podfile.lock\" \"${PODS_ROOT}/Manifest.lock\" > /dev/null\nif [ $? != 0 ] ; then\n    # print error to STDERR\n    echo \"error: The sandbox is not in sync with the Podfile.lock. Run 'pod install' or update your CocoaPods installation.\" >&2\n    exit 1\nfi\n# This output is used by Xcode 'outputs' to avoid re-running this script phase.\necho \"SUCCESS\" > \"${SCRIPT_OUTPUT_FILE_0}\"\n";
			showEnvVarsInLog = 0;
		};
		5607026613DED883F245DA1A /* [CP] Check Pods Manifest.lock */ = {
			isa = PBXShellScriptBuildPhase;
			buildActionMask = 2147483647;
			files = (
			);
			inputFileListPaths = (
			);
			inputPaths = (
				"${PODS_PODFILE_DIR_PATH}/Podfile.lock",
				"${PODS_ROOT}/Manifest.lock",
			);
			name = "[CP] Check Pods Manifest.lock";
			outputFileListPaths = (
			);
			outputPaths = (
				"$(DERIVED_FILE_DIR)/Pods-WeatherAppTests-checkManifestLockResult.txt",
			);
			runOnlyForDeploymentPostprocessing = 0;
			shellPath = /bin/sh;
			shellScript = "diff \"${PODS_PODFILE_DIR_PATH}/Podfile.lock\" \"${PODS_ROOT}/Manifest.lock\" > /dev/null\nif [ $? != 0 ] ; then\n    # print error to STDERR\n    echo \"error: The sandbox is not in sync with the Podfile.lock. Run 'pod install' or update your CocoaPods installation.\" >&2\n    exit 1\nfi\n# This output is used by Xcode 'outputs' to avoid re-running this script phase.\necho \"SUCCESS\" > \"${SCRIPT_OUTPUT_FILE_0}\"\n";
			showEnvVarsInLog = 0;
		};
		E1BCFF382940A4BD00869FEE /* ShellScript */ = {
			isa = PBXShellScriptBuildPhase;
			buildActionMask = 8;
			files = (
			);
			inputFileListPaths = (
			);
			inputPaths = (
			);
			outputFileListPaths = (
			);
			outputPaths = (
			);
			runOnlyForDeploymentPostprocessing = 1;
			shellPath = /bin/sh;
			shellScript = "# Type a script or drag a script file from your workspace to insert its path.\nif which swiftlint >/dev/null; then\n  swiftlint\nelse\n  echo \"warning: SwiftLint not installed, download from https://github.com/realm/SwiftLint\"\nfi\n";
		};
		EBCF6993DD910C0C5226EB0B /* [CP] Embed Pods Frameworks */ = {
			isa = PBXShellScriptBuildPhase;
			buildActionMask = 2147483647;
			files = (
			);
			inputFileListPaths = (
			);
			inputPaths = (
				"${PODS_ROOT}/Target Support Files/Pods-WeatherApp/Pods-WeatherApp-frameworks.sh",
				"${BUILT_PRODUCTS_DIR}/PromiseKit/PromiseKit.framework",
			);
			name = "[CP] Embed Pods Frameworks";
			outputFileListPaths = (
			);
			outputPaths = (
				"${TARGET_BUILD_DIR}/${FRAMEWORKS_FOLDER_PATH}/PromiseKit.framework",
			);
			runOnlyForDeploymentPostprocessing = 0;
			shellPath = /bin/sh;
			shellScript = "\"${PODS_ROOT}/Target Support Files/Pods-WeatherApp/Pods-WeatherApp-frameworks.sh\"\n";
			showEnvVarsInLog = 0;
		};
/* End PBXShellScriptBuildPhase section */

/* Begin PBXSourcesBuildPhase section */
		E1EC18F12933110C009A2B99 /* Sources */ = {
			isa = PBXSourcesBuildPhase;
			buildActionMask = 2147483647;
			files = (
				E19585E2293FDE1F003AEDBE /* MockLocationHelper.swift in Sources */,
				E19585E3293FDE1F003AEDBE /* LocationHelperProtocol.swift in Sources */,
				E16B012E2933AF4C003CED44 /* WeatherInfo.swift in Sources */,
				E1570993293320CD0007A449 /* WeatherForcecastViewModel.swift in Sources */,
				E16B013C2933CA8C003CED44 /* UIViewController+ Extension.swift in Sources */,
				E1EC18FD2933110C009A2B99 /* ViewController.swift in Sources */,
				E1EC18F92933110C009A2B99 /* AppDelegate.swift in Sources */,
				E13FBD542933DD9C0031B8CF /* Constants.swift in Sources */,
				E1EC18FB2933110C009A2B99 /* SceneDelegate.swift in Sources */,
				E16B0124293380E7003CED44 /* WeatherHelper.swift in Sources */,
				E19585F1293FDF45003AEDBE /* WeatherHelperProtocol.swift in Sources */,
				E19585F6293FDFA2003AEDBE /* MockWeatherHelper.swift in Sources */,
				E1570999293322830007A449 /* LocationHelper.swift in Sources */,
			);
			runOnlyForDeploymentPostprocessing = 0;
		};
		E1EC190729331132009A2B99 /* Sources */ = {
			isa = PBXSourcesBuildPhase;
			buildActionMask = 2147483647;
			files = (
				E15A43E32940468A00AB7560 /* LocationHelperTests.swift in Sources */,
				E15A43E22940468A00AB7560 /* WeatherAppTests.swift in Sources */,
				E19585C6293FD8C0003AEDBE /* WeatherForcastViewModelTests.swift in Sources */,
			);
			runOnlyForDeploymentPostprocessing = 0;
		};
		E1EC191229331132009A2B99 /* Sources */ = {
			isa = PBXSourcesBuildPhase;
			buildActionMask = 2147483647;
			files = (
				E1EC191B29331133009A2B99 /* WeatherAppUITests.swift in Sources */,
			);
			runOnlyForDeploymentPostprocessing = 0;
		};
/* End PBXSourcesBuildPhase section */

/* Begin PBXTargetDependency section */
		E1EC190D29331132009A2B99 /* PBXTargetDependency */ = {
			isa = PBXTargetDependency;
			target = E1EC18F42933110C009A2B99 /* WeatherApp */;
			targetProxy = E1EC190C29331132009A2B99 /* PBXContainerItemProxy */;
		};
		E1EC191829331133009A2B99 /* PBXTargetDependency */ = {
			isa = PBXTargetDependency;
			target = E1EC18F42933110C009A2B99 /* WeatherApp */;
			targetProxy = E1EC191729331133009A2B99 /* PBXContainerItemProxy */;
		};
/* End PBXTargetDependency section */

/* Begin PBXVariantGroup section */
		E1EC18FE2933110C009A2B99 /* Main.storyboard */ = {
			isa = PBXVariantGroup;
			children = (
				E1EC18FF2933110C009A2B99 /* Base */,
			);
			name = Main.storyboard;
			sourceTree = "<group>";
		};
		E1EC190329331132009A2B99 /* LaunchScreen.storyboard */ = {
			isa = PBXVariantGroup;
			children = (
				E1EC190429331132009A2B99 /* Base */,
			);
			name = LaunchScreen.storyboard;
			sourceTree = "<group>";
		};
/* End PBXVariantGroup section */

/* Begin XCBuildConfiguration section */
		E1EC191D29331133009A2B99 /* Debug */ = {
			isa = XCBuildConfiguration;
			buildSettings = {
				ALWAYS_SEARCH_USER_PATHS = NO;
				CLANG_ANALYZER_NONNULL = YES;
				CLANG_ANALYZER_NUMBER_OBJECT_CONVERSION = YES_AGGRESSIVE;
				CLANG_CXX_LANGUAGE_STANDARD = "gnu++14";
				CLANG_CXX_LIBRARY = "libc++";
				CLANG_ENABLE_MODULES = YES;
				CLANG_ENABLE_OBJC_ARC = YES;
				CLANG_ENABLE_OBJC_WEAK = YES;
				CLANG_WARN_BLOCK_CAPTURE_AUTORELEASING = YES;
				CLANG_WARN_BOOL_CONVERSION = YES;
				CLANG_WARN_COMMA = YES;
				CLANG_WARN_CONSTANT_CONVERSION = YES;
				CLANG_WARN_DEPRECATED_OBJC_IMPLEMENTATIONS = YES;
				CLANG_WARN_DIRECT_OBJC_ISA_USAGE = YES_ERROR;
				CLANG_WARN_DOCUMENTATION_COMMENTS = YES;
				CLANG_WARN_EMPTY_BODY = YES;
				CLANG_WARN_ENUM_CONVERSION = YES;
				CLANG_WARN_INFINITE_RECURSION = YES;
				CLANG_WARN_INT_CONVERSION = YES;
				CLANG_WARN_NON_LITERAL_NULL_CONVERSION = YES;
				CLANG_WARN_OBJC_IMPLICIT_RETAIN_SELF = YES;
				CLANG_WARN_OBJC_LITERAL_CONVERSION = YES;
				CLANG_WARN_OBJC_ROOT_CLASS = YES_ERROR;
				CLANG_WARN_QUOTED_INCLUDE_IN_FRAMEWORK_HEADER = YES;
				CLANG_WARN_RANGE_LOOP_ANALYSIS = YES;
				CLANG_WARN_STRICT_PROTOTYPES = YES;
				CLANG_WARN_SUSPICIOUS_MOVE = YES;
				CLANG_WARN_UNGUARDED_AVAILABILITY = YES_AGGRESSIVE;
				CLANG_WARN_UNREACHABLE_CODE = YES;
				CLANG_WARN__DUPLICATE_METHOD_MATCH = YES;
				COPY_PHASE_STRIP = NO;
				DEBUG_INFORMATION_FORMAT = dwarf;
				ENABLE_STRICT_OBJC_MSGSEND = YES;
				ENABLE_TESTABILITY = YES;
				GCC_C_LANGUAGE_STANDARD = gnu11;
				GCC_DYNAMIC_NO_PIC = NO;
				GCC_NO_COMMON_BLOCKS = YES;
				GCC_OPTIMIZATION_LEVEL = 0;
				GCC_PREPROCESSOR_DEFINITIONS = (
					"DEBUG=1",
					"$(inherited)",
				);
				GCC_WARN_64_TO_32_BIT_CONVERSION = YES;
				GCC_WARN_ABOUT_RETURN_TYPE = YES_ERROR;
				GCC_WARN_UNDECLARED_SELECTOR = YES;
				GCC_WARN_UNINITIALIZED_AUTOS = YES_AGGRESSIVE;
				GCC_WARN_UNUSED_FUNCTION = YES;
				GCC_WARN_UNUSED_VARIABLE = YES;
				IPHONEOS_DEPLOYMENT_TARGET = 14.4;
				MTL_ENABLE_DEBUG_INFO = INCLUDE_SOURCE;
				MTL_FAST_MATH = YES;
				ONLY_ACTIVE_ARCH = YES;
				SDKROOT = iphoneos;
				SWIFT_ACTIVE_COMPILATION_CONDITIONS = DEBUG;
				SWIFT_OPTIMIZATION_LEVEL = "-Onone";
			};
			name = Debug;
		};
		E1EC191E29331133009A2B99 /* Release */ = {
			isa = XCBuildConfiguration;
			buildSettings = {
				ALWAYS_SEARCH_USER_PATHS = NO;
				CLANG_ANALYZER_NONNULL = YES;
				CLANG_ANALYZER_NUMBER_OBJECT_CONVERSION = YES_AGGRESSIVE;
				CLANG_CXX_LANGUAGE_STANDARD = "gnu++14";
				CLANG_CXX_LIBRARY = "libc++";
				CLANG_ENABLE_MODULES = YES;
				CLANG_ENABLE_OBJC_ARC = YES;
				CLANG_ENABLE_OBJC_WEAK = YES;
				CLANG_WARN_BLOCK_CAPTURE_AUTORELEASING = YES;
				CLANG_WARN_BOOL_CONVERSION = YES;
				CLANG_WARN_COMMA = YES;
				CLANG_WARN_CONSTANT_CONVERSION = YES;
				CLANG_WARN_DEPRECATED_OBJC_IMPLEMENTATIONS = YES;
				CLANG_WARN_DIRECT_OBJC_ISA_USAGE = YES_ERROR;
				CLANG_WARN_DOCUMENTATION_COMMENTS = YES;
				CLANG_WARN_EMPTY_BODY = YES;
				CLANG_WARN_ENUM_CONVERSION = YES;
				CLANG_WARN_INFINITE_RECURSION = YES;
				CLANG_WARN_INT_CONVERSION = YES;
				CLANG_WARN_NON_LITERAL_NULL_CONVERSION = YES;
				CLANG_WARN_OBJC_IMPLICIT_RETAIN_SELF = YES;
				CLANG_WARN_OBJC_LITERAL_CONVERSION = YES;
				CLANG_WARN_OBJC_ROOT_CLASS = YES_ERROR;
				CLANG_WARN_QUOTED_INCLUDE_IN_FRAMEWORK_HEADER = YES;
				CLANG_WARN_RANGE_LOOP_ANALYSIS = YES;
				CLANG_WARN_STRICT_PROTOTYPES = YES;
				CLANG_WARN_SUSPICIOUS_MOVE = YES;
				CLANG_WARN_UNGUARDED_AVAILABILITY = YES_AGGRESSIVE;
				CLANG_WARN_UNREACHABLE_CODE = YES;
				CLANG_WARN__DUPLICATE_METHOD_MATCH = YES;
				COPY_PHASE_STRIP = NO;
				DEBUG_INFORMATION_FORMAT = "dwarf-with-dsym";
				ENABLE_NS_ASSERTIONS = NO;
				ENABLE_STRICT_OBJC_MSGSEND = YES;
				GCC_C_LANGUAGE_STANDARD = gnu11;
				GCC_NO_COMMON_BLOCKS = YES;
				GCC_WARN_64_TO_32_BIT_CONVERSION = YES;
				GCC_WARN_ABOUT_RETURN_TYPE = YES_ERROR;
				GCC_WARN_UNDECLARED_SELECTOR = YES;
				GCC_WARN_UNINITIALIZED_AUTOS = YES_AGGRESSIVE;
				GCC_WARN_UNUSED_FUNCTION = YES;
				GCC_WARN_UNUSED_VARIABLE = YES;
				IPHONEOS_DEPLOYMENT_TARGET = 14.4;
				MTL_ENABLE_DEBUG_INFO = NO;
				MTL_FAST_MATH = YES;
				SDKROOT = iphoneos;
				SWIFT_COMPILATION_MODE = wholemodule;
				SWIFT_OPTIMIZATION_LEVEL = "-O";
				VALIDATE_PRODUCT = YES;
			};
			name = Release;
		};
		E1EC192029331133009A2B99 /* Debug */ = {
			isa = XCBuildConfiguration;
			baseConfigurationReference = BBB78B9EEF4BE45C6EC67B1C /* Pods-WeatherApp.debug.xcconfig */;
			buildSettings = {
				ASSETCATALOG_COMPILER_APPICON_NAME = AppIcon;
				ASSETCATALOG_COMPILER_GLOBAL_ACCENT_COLOR_NAME = AccentColor;
				CODE_SIGN_STYLE = Manual;
				DEVELOPMENT_TEAM = "";
				ENABLE_BITCODE = NO;
				INFOPLIST_FILE = WeatherApp/Info.plist;
				LD_RUNPATH_SEARCH_PATHS = (
					"$(inherited)",
					"@executable_path/Frameworks",
				);
				PRODUCT_BUNDLE_IDENTIFIER = com.bloodregistry.mobile;
				PRODUCT_NAME = "$(TARGET_NAME)";
				PROVISIONING_PROFILE_SPECIFIER = "";
				SWIFT_VERSION = 5.0;
				TARGETED_DEVICE_FAMILY = "1,2";
			};
			name = Debug;
		};
		E1EC192129331133009A2B99 /* Release */ = {
			isa = XCBuildConfiguration;
			baseConfigurationReference = CEB4C780658954CD2E3E4F22 /* Pods-WeatherApp.release.xcconfig */;
			buildSettings = {
				ASSETCATALOG_COMPILER_APPICON_NAME = AppIcon;
				ASSETCATALOG_COMPILER_GLOBAL_ACCENT_COLOR_NAME = AccentColor;
				CODE_SIGN_STYLE = Manual;
				DEVELOPMENT_TEAM = "";
				ENABLE_BITCODE = NO;
				INFOPLIST_FILE = WeatherApp/Info.plist;
				LD_RUNPATH_SEARCH_PATHS = (
					"$(inherited)",
					"@executable_path/Frameworks",
				);
				PRODUCT_BUNDLE_IDENTIFIER = com.bloodregistry.mobile;
				PRODUCT_NAME = "$(TARGET_NAME)";
				PROVISIONING_PROFILE_SPECIFIER = "";
				SWIFT_VERSION = 5.0;
				TARGETED_DEVICE_FAMILY = "1,2";
			};
			name = Release;
		};
		E1EC192329331133009A2B99 /* Debug */ = {
			isa = XCBuildConfiguration;
			baseConfigurationReference = 78C0F93E0A4F5CF4D071C1FB /* Pods-WeatherAppTests.debug.xcconfig */;
			buildSettings = {
				ALWAYS_EMBED_SWIFT_STANDARD_LIBRARIES = YES;
				BUNDLE_LOADER = "$(TEST_HOST)";
				CODE_SIGN_STYLE = Automatic;
				DEVELOPMENT_TEAM = 43KV8TWN42;
				INFOPLIST_FILE = WeatherAppTests/Info.plist;
				IPHONEOS_DEPLOYMENT_TARGET = 14.4;
				LD_RUNPATH_SEARCH_PATHS = (
					"$(inherited)",
					"@executable_path/Frameworks",
					"@loader_path/Frameworks",
					"$(SDKROOT)/usr/lib/swift",
				);
				OTHER_LDFLAGS = "$(inhereted)";
				PRODUCT_BUNDLE_IDENTIFIER = com.bloodregistry.mobile.WeatherAppTests;
				PRODUCT_NAME = "$(TARGET_NAME)";
				SWIFT_VERSION = 5.0;
				TARGETED_DEVICE_FAMILY = "1,2";
				TEST_HOST = "$(BUILT_PRODUCTS_DIR)/WeatherApp.app/WeatherApp";
			};
			name = Debug;
		};
		E1EC192429331133009A2B99 /* Release */ = {
			isa = XCBuildConfiguration;
			baseConfigurationReference = A3999FE5E2565DBA51B9901A /* Pods-WeatherAppTests.release.xcconfig */;
			buildSettings = {
				ALWAYS_EMBED_SWIFT_STANDARD_LIBRARIES = YES;
				BUNDLE_LOADER = "$(TEST_HOST)";
				CODE_SIGN_STYLE = Automatic;
				DEVELOPMENT_TEAM = 43KV8TWN42;
				INFOPLIST_FILE = WeatherAppTests/Info.plist;
				IPHONEOS_DEPLOYMENT_TARGET = 14.4;
				LD_RUNPATH_SEARCH_PATHS = (
					"$(inherited)",
					"@executable_path/Frameworks",
					"@loader_path/Frameworks",
					"$(SDKROOT)/usr/lib/swift",
				);
				OTHER_LDFLAGS = "$(inhereted)";
				PRODUCT_BUNDLE_IDENTIFIER = com.bloodregistry.mobile.WeatherAppTests;
				PRODUCT_NAME = "$(TARGET_NAME)";
				SWIFT_VERSION = 5.0;
				TARGETED_DEVICE_FAMILY = "1,2";
				TEST_HOST = "$(BUILT_PRODUCTS_DIR)/WeatherApp.app/WeatherApp";
			};
			name = Release;
		};
		E1EC192629331133009A2B99 /* Debug */ = {
			isa = XCBuildConfiguration;
			buildSettings = {
				ALWAYS_EMBED_SWIFT_STANDARD_LIBRARIES = YES;
				CODE_SIGN_STYLE = Automatic;
				DEVELOPMENT_TEAM = 43KV8TWN42;
				INFOPLIST_FILE = WeatherAppUITests/Info.plist;
				LD_RUNPATH_SEARCH_PATHS = (
					"$(inherited)",
					"@executable_path/Frameworks",
					"@loader_path/Frameworks",
				);
				PRODUCT_BUNDLE_IDENTIFIER = com.bloodregistry.mobile.WeatherAppUITests;
				PRODUCT_NAME = "$(TARGET_NAME)";
				SWIFT_VERSION = 5.0;
				TARGETED_DEVICE_FAMILY = "1,2";
				TEST_TARGET_NAME = WeatherApp;
			};
			name = Debug;
		};
		E1EC192729331133009A2B99 /* Release */ = {
			isa = XCBuildConfiguration;
			buildSettings = {
				ALWAYS_EMBED_SWIFT_STANDARD_LIBRARIES = YES;
				CODE_SIGN_STYLE = Automatic;
				DEVELOPMENT_TEAM = 43KV8TWN42;
				INFOPLIST_FILE = WeatherAppUITests/Info.plist;
				LD_RUNPATH_SEARCH_PATHS = (
					"$(inherited)",
					"@executable_path/Frameworks",
					"@loader_path/Frameworks",
				);
				PRODUCT_BUNDLE_IDENTIFIER = com.bloodregistry.mobile.WeatherAppUITests;
				PRODUCT_NAME = "$(TARGET_NAME)";
				SWIFT_VERSION = 5.0;
				TARGETED_DEVICE_FAMILY = "1,2";
				TEST_TARGET_NAME = WeatherApp;
			};
			name = Release;
		};
/* End XCBuildConfiguration section */

/* Begin XCConfigurationList section */
		E1EC18F02933110B009A2B99 /* Build configuration list for PBXProject "WeatherApp" */ = {
			isa = XCConfigurationList;
			buildConfigurations = (
				E1EC191D29331133009A2B99 /* Debug */,
				E1EC191E29331133009A2B99 /* Release */,
			);
			defaultConfigurationIsVisible = 0;
			defaultConfigurationName = Release;
		};
		E1EC191F29331133009A2B99 /* Build configuration list for PBXNativeTarget "WeatherApp" */ = {
			isa = XCConfigurationList;
			buildConfigurations = (
				E1EC192029331133009A2B99 /* Debug */,
				E1EC192129331133009A2B99 /* Release */,
			);
			defaultConfigurationIsVisible = 0;
			defaultConfigurationName = Release;
		};
		E1EC192229331133009A2B99 /* Build configuration list for PBXNativeTarget "WeatherAppTests" */ = {
			isa = XCConfigurationList;
			buildConfigurations = (
				E1EC192329331133009A2B99 /* Debug */,
				E1EC192429331133009A2B99 /* Release */,
			);
			defaultConfigurationIsVisible = 0;
			defaultConfigurationName = Release;
		};
		E1EC192529331133009A2B99 /* Build configuration list for PBXNativeTarget "WeatherAppUITests" */ = {
			isa = XCConfigurationList;
			buildConfigurations = (
				E1EC192629331133009A2B99 /* Debug */,
				E1EC192729331133009A2B99 /* Release */,
			);
			defaultConfigurationIsVisible = 0;
			defaultConfigurationName = Release;
		};
/* End XCConfigurationList section */
	};
	rootObject = E1EC18ED2933110B009A2B99 /* Project object */;
}
